
Microsoft Visual Studio Solution File, Format Version 12.00
# Visual Studio 14
VisualStudioVersion = 14.0.24720.0
MinimumVisualStudioVersion = 10.0.40219.1
Project("{FAE04EC0-301F-11D3-BF4B-00C04F79EFBC}") = "RoboTrader", "RoboTrader\RoboTrader.csproj", "{C4FC78B6-534D-4DB5-83B1-3C7721967BCB}"
EndProject
Project("{FAE04EC0-301F-11D3-BF4B-00C04F79EFBC}") = "Tester", "Tester\Tester.csproj", "{9141B5EF-0D54-4DE3-9D68-33C95C913AA8}"
EndProject
Project("{FAE04EC0-301F-11D3-BF4B-00C04F79EFBC}") = "IBApi", "IBApi\IBApi.csproj", "{B121A8EC-D7CB-49EE-BB46-8E932EC79999}"
EndProject
Project("{FAE04EC0-301F-11D3-BF4B-00C04F79EFBC}") = "BL", "BL\BL.csproj", "{399B0096-559A-4541-B9E7-81F19A164826}"
EndProject
Project("{FAE04EC0-301F-11D3-BF4B-00C04F79EFBC}") = "TNS.API", "TNS.API\TNS.API.csproj", "{C50BA368-93C1-45AD-8779-683189B0BA34}"
EndProject
Project("{FAE04EC0-301F-11D3-BF4B-00C04F79EFBC}") = "TNS.Global", "TNS.Global\TNS.Global.csproj", "{BCB4C6F8-73E1-48D8-A410-0BCC0295EE61}"
EndProject
Project("{FAE04EC0-301F-11D3-BF4B-00C04F79EFBC}") = "BrokerDAL", "TNS.BDAL\BrokerDAL.csproj", "{4FFFCA7C-2C0A-4918-BCCB-794F692BF5C1}"
EndProject
Project("{FAE04EC0-301F-11D3-BF4B-00C04F79EFBC}") = "Trading", "Trading\Trading.csproj", "{2507C82A-C312-4FC3-B8F2-FB0696C9B7A1}"
EndProject
Project("{FAE04EC0-301F-11D3-BF4B-00C04F79EFBC}") = "DbDAL", "DBAL\DbDAL.csproj", "{41E5CBC1-9D15-4E9A-9B0E-46FC9B823732}"
EndProject
Project("{F088123C-0E9E-452A-89E6-6BA2F21D5CAC}") = "ApplicationUpSequence", "ApplicationUpSequence\ApplicationUpSequence.modelproj", "{8770BD0B-2A0D-40C7-9A8A-BE94E8FF1565}"
EndProject
Global
	GlobalSection(SolutionConfigurationPlatforms) = preSolution
		Debug|Any CPU = Debug|Any CPU
		Release|Any CPU = Release|Any CPU
	EndGlobalSection
	GlobalSection(ProjectConfigurationPlatforms) = postSolution
		{C4FC78B6-534D-4DB5-83B1-3C7721967BCB}.Debug|Any CPU.ActiveCfg = Debug|Any CPU
		{C4FC78B6-534D-4DB5-83B1-3C7721967BCB}.Debug|Any CPU.Build.0 = Debug|Any CPU
		{C4FC78B6-534D-4DB5-83B1-3C7721967BCB}.Release|Any CPU.ActiveCfg = Release|Any CPU
		{C4FC78B6-534D-4DB5-83B1-3C7721967BCB}.Release|Any CPU.Build.0 = Release|Any CPU
		{9141B5EF-0D54-4DE3-9D68-33C95C913AA8}.Debug|Any CPU.ActiveCfg = Debug|Any CPU
		{9141B5EF-0D54-4DE3-9D68-33C95C913AA8}.Debug|Any CPU.Build.0 = Debug|Any CPU
		{9141B5EF-0D54-4DE3-9D68-33C95C913AA8}.Release|Any CPU.ActiveCfg = Release|Any CPU
		{9141B5EF-0D54-4DE3-9D68-33C95C913AA8}.Release|Any CPU.Build.0 = Release|Any CPU
		{B121A8EC-D7CB-49EE-BB46-8E932EC79999}.Debug|Any CPU.ActiveCfg = Debug|Any CPU
		{B121A8EC-D7CB-49EE-BB46-8E932EC79999}.Debug|Any CPU.Build.0 = Debug|Any CPU
		{B121A8EC-D7CB-49EE-BB46-8E932EC79999}.Release|Any CPU.ActiveCfg = Release|Any CPU
		{B121A8EC-D7CB-49EE-BB46-8E932EC79999}.Release|Any CPU.Build.0 = Release|Any CPU
		{399B0096-559A-4541-B9E7-81F19A164826}.Debug|Any CPU.ActiveCfg = Debug|Any CPU
		{399B0096-559A-4541-B9E7-81F19A164826}.Debug|Any CPU.Build.0 = Debug|Any CPU
		{399B0096-559A-4541-B9E7-81F19A164826}.Release|Any CPU.ActiveCfg = Release|Any CPU
		{399B0096-559A-4541-B9E7-81F19A164826}.Release|Any CPU.Build.0 = Release|Any CPU
		{C50BA368-93C1-45AD-8779-683189B0BA34}.Debug|Any CPU.ActiveCfg = Debug|Any CPU
		{C50BA368-93C1-45AD-8779-683189B0BA34}.Debug|Any CPU.Build.0 = Debug|Any CPU
		{C50BA368-93C1-45AD-8779-683189B0BA34}.Release|Any CPU.ActiveCfg = Release|Any CPU
		{C50BA368-93C1-45AD-8779-683189B0BA34}.Release|Any CPU.Build.0 = Release|Any CPU
		{BCB4C6F8-73E1-48D8-A410-0BCC0295EE61}.Debug|Any CPU.ActiveCfg = Debug|Any CPU
		{BCB4C6F8-73E1-48D8-A410-0BCC0295EE61}.Debug|Any CPU.Build.0 = Debug|Any CPU
		{BCB4C6F8-73E1-48D8-A410-0BCC0295EE61}.Release|Any CPU.ActiveCfg = Release|Any CPU
		{BCB4C6F8-73E1-48D8-A410-0BCC0295EE61}.Release|Any CPU.Build.0 = Release|Any CPU
		{4FFFCA7C-2C0A-4918-BCCB-794F692BF5C1}.Debug|Any CPU.ActiveCfg = Debug|Any CPU
		{4FFFCA7C-2C0A-4918-BCCB-794F692BF5C1}.Debug|Any CPU.Build.0 = Debug|Any CPU
		{4FFFCA7C-2C0A-4918-BCCB-794F692BF5C1}.Release|Any CPU.ActiveCfg = Release|Any CPU
		{4FFFCA7C-2C0A-4918-BCCB-794F692BF5C1}.Release|Any CPU.Build.0 = Release|Any CPU
		{2507C82A-C312-4FC3-B8F2-FB0696C9B7A1}.Debug|Any CPU.ActiveCfg = Debug|Any CPU
		{2507C82A-C312-4FC3-B8F2-FB0696C9B7A1}.Debug|Any CPU.Build.0 = Debug|Any CPU
		{2507C82A-C312-4FC3-B8F2-FB0696C9B7A1}.Release|Any CPU.ActiveCfg = Release|Any CPU
		{2507C82A-C312-4FC3-B8F2-FB0696C9B7A1}.Release|Any CPU.Build.0 = Release|Any CPU
		{41E5CBC1-9D15-4E9A-9B0E-46FC9B823732}.Debug|Any CPU.ActiveCfg = Debug|Any CPU
		{41E5CBC1-9D15-4E9A-9B0E-46FC9B823732}.Debug|Any CPU.Build.0 = Debug|Any CPU
		{41E5CBC1-9D15-4E9A-9B0E-46FC9B823732}.Release|Any CPU.ActiveCfg = Release|Any CPU
		{41E5CBC1-9D15-4E9A-9B0E-46FC9B823732}.Release|Any CPU.Build.0 = Release|Any CPU
		{8770BD0B-2A0D-40C7-9A8A-BE94E8FF1565}.Debug|Any CPU.ActiveCfg = Debug|Any CPU
		{8770BD0B-2A0D-40C7-9A8A-BE94E8FF1565}.Debug|Any CPU.Build.0 = Debug|Any CPU
		{8770BD0B-2A0D-40C7-9A8A-BE94E8FF1565}.Release|Any CPU.ActiveCfg = Release|Any CPU
		{8770BD0B-2A0D-40C7-9A8A-BE94E8FF1565}.Release|Any CPU.Build.0 = Release|Any CPU
	EndGlobalSection
	GlobalSection(SolutionProperties) = preSolution
		HideSolutionNode = FALSE
	EndGlobalSection
	GlobalSection(ExtensibilityGlobals) = postSolution
		VisualSVNWorkingCopyRoot = .
	EndGlobalSection
EndGlobal
