
Microsoft Visual Studio Solution File, Format Version 12.00
# Visual Studio 14
VisualStudioVersion = 14.0.24720.0
MinimumVisualStudioVersion = 10.0.40219.1
Project("{FAE04EC0-301F-11D3-BF4B-00C04F79EFBC}") = "RoboTrader", "RoboTrader\RoboTrader.csproj", "{C4FC78B6-534D-4DB5-83B1-3C7721967BCB}"
EndProject
Project("{FAE04EC0-301F-11D3-BF4B-00C04F79EFBC}") = "Tester", "Tester\Tester.csproj", "{9141B5EF-0D54-4DE3-9D68-33C95C913AA8}"
EndProject
Project("{FAE04EC0-301F-11D3-BF4B-00C04F79EFBC}") = "IBApi", "IBApi\IBApi.csproj", "{B121A8EC-D7CB-49EE-BB46-8E932EC79999}"
EndProject
Project("{FAE04EC0-301F-11D3-BF4B-00C04F79EFBC}") = "BL", "BL\BL.csproj", "{399B0096-559A-4541-B9E7-81F19A164826}"
EndProject
Project("{FAE04EC0-301F-11D3-BF4B-00C04F79EFBC}") = "TNS.API", "TNS.API\TNS.API.csproj", "{C50BA368-93C1-45AD-8779-683189B0BA34}"
EndProject
Project("{FAE04EC0-301F-11D3-BF4B-00C04F79EFBC}") = "Trading", "Trading\Trading.csproj", "{2507C82A-C312-4FC3-B8F2-FB0696C9B7A1}"
EndProject
Project("{FAE04EC0-301F-11D3-BF4B-00C04F79EFBC}") = "TNS.Controls", "TNS.Controls\TNS.Controls.csproj", "{60C9BF13-7546-40A8-9FC4-814E565782C5}"
EndProject
Project("{FAE04EC0-301F-11D3-BF4B-00C04F79EFBC}") = "Infra", "Infra\Infra.csproj", "{BCB4C6F8-73E1-48D8-A410-0BCC0295EE61}"
EndProject
Project("{FAE04EC0-301F-11D3-BF4B-00C04F79EFBC}") = "DAL", "DAL\DAL.csproj", "{B3C26503-8185-421C-920E-09A738D5BF29}"
EndProject
Project("{F088123C-0E9E-452A-89E6-6BA2F21D5CAC}") = "ApplicationUpSequence", "ApplicationUpSequence\ApplicationUpSequence.modelproj", "{8770BD0B-2A0D-40C7-9A8A-BE94E8FF1565}"
EndProject
Project("{FAE04EC0-301F-11D3-BF4B-00C04F79EFBC}") = "DbDAL", "DBAL\DbDAL.csproj", "{41E5CBC1-9D15-4E9A-9B0E-46FC9B823732}"
EndProject
Project("{FAE04EC0-301F-11D3-BF4B-00C04F79EFBC}") = "UILogic", "UILogic\UILogic.csproj", "{70470A7B-5474-4EDC-8443-BA2E165BD147}"
EndProject
Global
	GlobalSection(SolutionConfigurationPlatforms) = preSolution
		Debug|Any CPU = Debug|Any CPU
		Debug|ARM = Debug|ARM
		Debug|x64 = Debug|x64
		Debug|x86 = Debug|x86
		Release|Any CPU = Release|Any CPU
		Release|ARM = Release|ARM
		Release|x64 = Release|x64
		Release|x86 = Release|x86
	EndGlobalSection
	GlobalSection(ProjectConfigurationPlatforms) = postSolution
		{C4FC78B6-534D-4DB5-83B1-3C7721967BCB}.Debug|Any CPU.ActiveCfg = Debug|Any CPU
		{C4FC78B6-534D-4DB5-83B1-3C7721967BCB}.Debug|Any CPU.Build.0 = Debug|Any CPU
		{C4FC78B6-534D-4DB5-83B1-3C7721967BCB}.Debug|ARM.ActiveCfg = Debug|Any CPU
		{C4FC78B6-534D-4DB5-83B1-3C7721967BCB}.Debug|ARM.Build.0 = Debug|Any CPU
		{C4FC78B6-534D-4DB5-83B1-3C7721967BCB}.Debug|x64.ActiveCfg = Debug|Any CPU
		{C4FC78B6-534D-4DB5-83B1-3C7721967BCB}.Debug|x64.Build.0 = Debug|Any CPU
		{C4FC78B6-534D-4DB5-83B1-3C7721967BCB}.Debug|x86.ActiveCfg = Debug|Any CPU
		{C4FC78B6-534D-4DB5-83B1-3C7721967BCB}.Debug|x86.Build.0 = Debug|Any CPU
		{C4FC78B6-534D-4DB5-83B1-3C7721967BCB}.Release|Any CPU.ActiveCfg = Release|Any CPU
		{C4FC78B6-534D-4DB5-83B1-3C7721967BCB}.Release|Any CPU.Build.0 = Release|Any CPU
		{C4FC78B6-534D-4DB5-83B1-3C7721967BCB}.Release|ARM.ActiveCfg = Release|Any CPU
		{C4FC78B6-534D-4DB5-83B1-3C7721967BCB}.Release|ARM.Build.0 = Release|Any CPU
		{C4FC78B6-534D-4DB5-83B1-3C7721967BCB}.Release|x64.ActiveCfg = Release|Any CPU
		{C4FC78B6-534D-4DB5-83B1-3C7721967BCB}.Release|x64.Build.0 = Release|Any CPU
		{C4FC78B6-534D-4DB5-83B1-3C7721967BCB}.Release|x86.ActiveCfg = Release|Any CPU
		{C4FC78B6-534D-4DB5-83B1-3C7721967BCB}.Release|x86.Build.0 = Release|Any CPU
		{9141B5EF-0D54-4DE3-9D68-33C95C913AA8}.Debug|Any CPU.ActiveCfg = Debug|Any CPU
		{9141B5EF-0D54-4DE3-9D68-33C95C913AA8}.Debug|Any CPU.Build.0 = Debug|Any CPU
		{9141B5EF-0D54-4DE3-9D68-33C95C913AA8}.Debug|ARM.ActiveCfg = Debug|Any CPU
		{9141B5EF-0D54-4DE3-9D68-33C95C913AA8}.Debug|ARM.Build.0 = Debug|Any CPU
		{9141B5EF-0D54-4DE3-9D68-33C95C913AA8}.Debug|x64.ActiveCfg = Debug|Any CPU
		{9141B5EF-0D54-4DE3-9D68-33C95C913AA8}.Debug|x64.Build.0 = Debug|Any CPU
		{9141B5EF-0D54-4DE3-9D68-33C95C913AA8}.Debug|x86.ActiveCfg = Debug|Any CPU
		{9141B5EF-0D54-4DE3-9D68-33C95C913AA8}.Debug|x86.Build.0 = Debug|Any CPU
		{9141B5EF-0D54-4DE3-9D68-33C95C913AA8}.Release|Any CPU.ActiveCfg = Release|Any CPU
		{9141B5EF-0D54-4DE3-9D68-33C95C913AA8}.Release|Any CPU.Build.0 = Release|Any CPU
		{9141B5EF-0D54-4DE3-9D68-33C95C913AA8}.Release|ARM.ActiveCfg = Release|Any CPU
		{9141B5EF-0D54-4DE3-9D68-33C95C913AA8}.Release|ARM.Build.0 = Release|Any CPU
		{9141B5EF-0D54-4DE3-9D68-33C95C913AA8}.Release|x64.ActiveCfg = Release|Any CPU
		{9141B5EF-0D54-4DE3-9D68-33C95C913AA8}.Release|x64.Build.0 = Release|Any CPU
		{9141B5EF-0D54-4DE3-9D68-33C95C913AA8}.Release|x86.ActiveCfg = Release|Any CPU
		{9141B5EF-0D54-4DE3-9D68-33C95C913AA8}.Release|x86.Build.0 = Release|Any CPU
		{B121A8EC-D7CB-49EE-BB46-8E932EC79999}.Debug|Any CPU.ActiveCfg = Debug|Any CPU
		{B121A8EC-D7CB-49EE-BB46-8E932EC79999}.Debug|Any CPU.Build.0 = Debug|Any CPU
		{B121A8EC-D7CB-49EE-BB46-8E932EC79999}.Debug|ARM.ActiveCfg = Debug|Any CPU
		{B121A8EC-D7CB-49EE-BB46-8E932EC79999}.Debug|ARM.Build.0 = Debug|Any CPU
		{B121A8EC-D7CB-49EE-BB46-8E932EC79999}.Debug|x64.ActiveCfg = Debug|Any CPU
		{B121A8EC-D7CB-49EE-BB46-8E932EC79999}.Debug|x64.Build.0 = Debug|Any CPU
		{B121A8EC-D7CB-49EE-BB46-8E932EC79999}.Debug|x86.ActiveCfg = Debug|Any CPU
		{B121A8EC-D7CB-49EE-BB46-8E932EC79999}.Debug|x86.Build.0 = Debug|Any CPU
		{B121A8EC-D7CB-49EE-BB46-8E932EC79999}.Release|Any CPU.ActiveCfg = Release|Any CPU
		{B121A8EC-D7CB-49EE-BB46-8E932EC79999}.Release|Any CPU.Build.0 = Release|Any CPU
		{B121A8EC-D7CB-49EE-BB46-8E932EC79999}.Release|ARM.ActiveCfg = Release|Any CPU
		{B121A8EC-D7CB-49EE-BB46-8E932EC79999}.Release|ARM.Build.0 = Release|Any CPU
		{B121A8EC-D7CB-49EE-BB46-8E932EC79999}.Release|x64.ActiveCfg = Release|Any CPU
		{B121A8EC-D7CB-49EE-BB46-8E932EC79999}.Release|x64.Build.0 = Release|Any CPU
		{B121A8EC-D7CB-49EE-BB46-8E932EC79999}.Release|x86.ActiveCfg = Release|Any CPU
		{B121A8EC-D7CB-49EE-BB46-8E932EC79999}.Release|x86.Build.0 = Release|Any CPU
		{399B0096-559A-4541-B9E7-81F19A164826}.Debug|Any CPU.ActiveCfg = Debug|Any CPU
		{399B0096-559A-4541-B9E7-81F19A164826}.Debug|Any CPU.Build.0 = Debug|Any CPU
		{399B0096-559A-4541-B9E7-81F19A164826}.Debug|ARM.ActiveCfg = Debug|Any CPU
		{399B0096-559A-4541-B9E7-81F19A164826}.Debug|ARM.Build.0 = Debug|Any CPU
		{399B0096-559A-4541-B9E7-81F19A164826}.Debug|x64.ActiveCfg = Debug|Any CPU
		{399B0096-559A-4541-B9E7-81F19A164826}.Debug|x64.Build.0 = Debug|Any CPU
		{399B0096-559A-4541-B9E7-81F19A164826}.Debug|x86.ActiveCfg = Debug|Any CPU
		{399B0096-559A-4541-B9E7-81F19A164826}.Debug|x86.Build.0 = Debug|Any CPU
		{399B0096-559A-4541-B9E7-81F19A164826}.Release|Any CPU.ActiveCfg = Release|Any CPU
		{399B0096-559A-4541-B9E7-81F19A164826}.Release|Any CPU.Build.0 = Release|Any CPU
		{399B0096-559A-4541-B9E7-81F19A164826}.Release|ARM.ActiveCfg = Release|Any CPU
		{399B0096-559A-4541-B9E7-81F19A164826}.Release|ARM.Build.0 = Release|Any CPU
		{399B0096-559A-4541-B9E7-81F19A164826}.Release|x64.ActiveCfg = Release|Any CPU
		{399B0096-559A-4541-B9E7-81F19A164826}.Release|x64.Build.0 = Release|Any CPU
		{399B0096-559A-4541-B9E7-81F19A164826}.Release|x86.ActiveCfg = Release|Any CPU
		{399B0096-559A-4541-B9E7-81F19A164826}.Release|x86.Build.0 = Release|Any CPU
		{C50BA368-93C1-45AD-8779-683189B0BA34}.Debug|Any CPU.ActiveCfg = Debug|Any CPU
		{C50BA368-93C1-45AD-8779-683189B0BA34}.Debug|Any CPU.Build.0 = Debug|Any CPU
		{C50BA368-93C1-45AD-8779-683189B0BA34}.Debug|ARM.ActiveCfg = Debug|Any CPU
		{C50BA368-93C1-45AD-8779-683189B0BA34}.Debug|ARM.Build.0 = Debug|Any CPU
		{C50BA368-93C1-45AD-8779-683189B0BA34}.Debug|x64.ActiveCfg = Debug|Any CPU
		{C50BA368-93C1-45AD-8779-683189B0BA34}.Debug|x64.Build.0 = Debug|Any CPU
		{C50BA368-93C1-45AD-8779-683189B0BA34}.Debug|x86.ActiveCfg = Debug|Any CPU
		{C50BA368-93C1-45AD-8779-683189B0BA34}.Debug|x86.Build.0 = Debug|Any CPU
		{C50BA368-93C1-45AD-8779-683189B0BA34}.Release|Any CPU.ActiveCfg = Release|Any CPU
		{C50BA368-93C1-45AD-8779-683189B0BA34}.Release|Any CPU.Build.0 = Release|Any CPU
		{C50BA368-93C1-45AD-8779-683189B0BA34}.Release|ARM.ActiveCfg = Release|Any CPU
		{C50BA368-93C1-45AD-8779-683189B0BA34}.Release|ARM.Build.0 = Release|Any CPU
		{C50BA368-93C1-45AD-8779-683189B0BA34}.Release|x64.ActiveCfg = Release|Any CPU
		{C50BA368-93C1-45AD-8779-683189B0BA34}.Release|x64.Build.0 = Release|Any CPU
		{C50BA368-93C1-45AD-8779-683189B0BA34}.Release|x86.ActiveCfg = Release|Any CPU
		{C50BA368-93C1-45AD-8779-683189B0BA34}.Release|x86.Build.0 = Release|Any CPU
		{2507C82A-C312-4FC3-B8F2-FB0696C9B7A1}.Debug|Any CPU.ActiveCfg = Debug|Any CPU
		{2507C82A-C312-4FC3-B8F2-FB0696C9B7A1}.Debug|Any CPU.Build.0 = Debug|Any CPU
		{2507C82A-C312-4FC3-B8F2-FB0696C9B7A1}.Debug|ARM.ActiveCfg = Debug|Any CPU
		{2507C82A-C312-4FC3-B8F2-FB0696C9B7A1}.Debug|ARM.Build.0 = Debug|Any CPU
		{2507C82A-C312-4FC3-B8F2-FB0696C9B7A1}.Debug|x64.ActiveCfg = Debug|Any CPU
		{2507C82A-C312-4FC3-B8F2-FB0696C9B7A1}.Debug|x64.Build.0 = Debug|Any CPU
		{2507C82A-C312-4FC3-B8F2-FB0696C9B7A1}.Debug|x86.ActiveCfg = Debug|Any CPU
		{2507C82A-C312-4FC3-B8F2-FB0696C9B7A1}.Debug|x86.Build.0 = Debug|Any CPU
		{2507C82A-C312-4FC3-B8F2-FB0696C9B7A1}.Release|Any CPU.ActiveCfg = Release|Any CPU
		{2507C82A-C312-4FC3-B8F2-FB0696C9B7A1}.Release|Any CPU.Build.0 = Release|Any CPU
		{2507C82A-C312-4FC3-B8F2-FB0696C9B7A1}.Release|ARM.ActiveCfg = Release|Any CPU
		{2507C82A-C312-4FC3-B8F2-FB0696C9B7A1}.Release|ARM.Build.0 = Release|Any CPU
		{2507C82A-C312-4FC3-B8F2-FB0696C9B7A1}.Release|x64.ActiveCfg = Release|Any CPU
		{2507C82A-C312-4FC3-B8F2-FB0696C9B7A1}.Release|x64.Build.0 = Release|Any CPU
		{2507C82A-C312-4FC3-B8F2-FB0696C9B7A1}.Release|x86.ActiveCfg = Release|Any CPU
		{2507C82A-C312-4FC3-B8F2-FB0696C9B7A1}.Release|x86.Build.0 = Release|Any CPU
		{60C9BF13-7546-40A8-9FC4-814E565782C5}.Debug|Any CPU.ActiveCfg = Debug|Any CPU
		{60C9BF13-7546-40A8-9FC4-814E565782C5}.Debug|Any CPU.Build.0 = Debug|Any CPU
		{60C9BF13-7546-40A8-9FC4-814E565782C5}.Debug|ARM.ActiveCfg = Debug|Any CPU
		{60C9BF13-7546-40A8-9FC4-814E565782C5}.Debug|ARM.Build.0 = Debug|Any CPU
		{60C9BF13-7546-40A8-9FC4-814E565782C5}.Debug|x64.ActiveCfg = Debug|Any CPU
		{60C9BF13-7546-40A8-9FC4-814E565782C5}.Debug|x64.Build.0 = Debug|Any CPU
		{60C9BF13-7546-40A8-9FC4-814E565782C5}.Debug|x86.ActiveCfg = Debug|Any CPU
		{60C9BF13-7546-40A8-9FC4-814E565782C5}.Debug|x86.Build.0 = Debug|Any CPU
		{60C9BF13-7546-40A8-9FC4-814E565782C5}.Release|Any CPU.ActiveCfg = Release|Any CPU
		{60C9BF13-7546-40A8-9FC4-814E565782C5}.Release|Any CPU.Build.0 = Release|Any CPU
		{60C9BF13-7546-40A8-9FC4-814E565782C5}.Release|ARM.ActiveCfg = Release|Any CPU
		{60C9BF13-7546-40A8-9FC4-814E565782C5}.Release|ARM.Build.0 = Release|Any CPU
		{60C9BF13-7546-40A8-9FC4-814E565782C5}.Release|x64.ActiveCfg = Release|Any CPU
		{60C9BF13-7546-40A8-9FC4-814E565782C5}.Release|x64.Build.0 = Release|Any CPU
		{60C9BF13-7546-40A8-9FC4-814E565782C5}.Release|x86.ActiveCfg = Release|Any CPU
		{60C9BF13-7546-40A8-9FC4-814E565782C5}.Release|x86.Build.0 = Release|Any CPU
		{BCB4C6F8-73E1-48D8-A410-0BCC0295EE61}.Debug|Any CPU.ActiveCfg = Debug|Any CPU
		{BCB4C6F8-73E1-48D8-A410-0BCC0295EE61}.Debug|Any CPU.Build.0 = Debug|Any CPU
		{BCB4C6F8-73E1-48D8-A410-0BCC0295EE61}.Debug|ARM.ActiveCfg = Debug|Any CPU
		{BCB4C6F8-73E1-48D8-A410-0BCC0295EE61}.Debug|ARM.Build.0 = Debug|Any CPU
		{BCB4C6F8-73E1-48D8-A410-0BCC0295EE61}.Debug|x64.ActiveCfg = Debug|Any CPU
		{BCB4C6F8-73E1-48D8-A410-0BCC0295EE61}.Debug|x64.Build.0 = Debug|Any CPU
		{BCB4C6F8-73E1-48D8-A410-0BCC0295EE61}.Debug|x86.ActiveCfg = Debug|Any CPU
		{BCB4C6F8-73E1-48D8-A410-0BCC0295EE61}.Debug|x86.Build.0 = Debug|Any CPU
		{BCB4C6F8-73E1-48D8-A410-0BCC0295EE61}.Release|Any CPU.ActiveCfg = Release|Any CPU
		{BCB4C6F8-73E1-48D8-A410-0BCC0295EE61}.Release|Any CPU.Build.0 = Release|Any CPU
		{BCB4C6F8-73E1-48D8-A410-0BCC0295EE61}.Release|ARM.ActiveCfg = Release|Any CPU
		{BCB4C6F8-73E1-48D8-A410-0BCC0295EE61}.Release|ARM.Build.0 = Release|Any CPU
		{BCB4C6F8-73E1-48D8-A410-0BCC0295EE61}.Release|x64.ActiveCfg = Release|Any CPU
		{BCB4C6F8-73E1-48D8-A410-0BCC0295EE61}.Release|x64.Build.0 = Release|Any CPU
		{BCB4C6F8-73E1-48D8-A410-0BCC0295EE61}.Release|x86.ActiveCfg = Release|Any CPU
		{BCB4C6F8-73E1-48D8-A410-0BCC0295EE61}.Release|x86.Build.0 = Release|Any CPU
		{B3C26503-8185-421C-920E-09A738D5BF29}.Debug|Any CPU.ActiveCfg = Debug|Any CPU
		{B3C26503-8185-421C-920E-09A738D5BF29}.Debug|Any CPU.Build.0 = Debug|Any CPU
		{B3C26503-8185-421C-920E-09A738D5BF29}.Debug|ARM.ActiveCfg = Debug|Any CPU
		{B3C26503-8185-421C-920E-09A738D5BF29}.Debug|ARM.Build.0 = Debug|Any CPU
		{B3C26503-8185-421C-920E-09A738D5BF29}.Debug|x64.ActiveCfg = Debug|Any CPU
		{B3C26503-8185-421C-920E-09A738D5BF29}.Debug|x64.Build.0 = Debug|Any CPU
		{B3C26503-8185-421C-920E-09A738D5BF29}.Debug|x86.ActiveCfg = Debug|Any CPU
		{B3C26503-8185-421C-920E-09A738D5BF29}.Debug|x86.Build.0 = Debug|Any CPU
		{B3C26503-8185-421C-920E-09A738D5BF29}.Release|Any CPU.ActiveCfg = Release|Any CPU
		{B3C26503-8185-421C-920E-09A738D5BF29}.Release|Any CPU.Build.0 = Release|Any CPU
		{B3C26503-8185-421C-920E-09A738D5BF29}.Release|ARM.ActiveCfg = Release|Any CPU
		{B3C26503-8185-421C-920E-09A738D5BF29}.Release|ARM.Build.0 = Release|Any CPU
		{B3C26503-8185-421C-920E-09A738D5BF29}.Release|x64.ActiveCfg = Release|Any CPU
		{B3C26503-8185-421C-920E-09A738D5BF29}.Release|x64.Build.0 = Release|Any CPU
		{B3C26503-8185-421C-920E-09A738D5BF29}.Release|x86.ActiveCfg = Release|Any CPU
		{B3C26503-8185-421C-920E-09A738D5BF29}.Release|x86.Build.0 = Release|Any CPU
		{8770BD0B-2A0D-40C7-9A8A-BE94E8FF1565}.Debug|Any CPU.ActiveCfg = Debug|Any CPU
		{8770BD0B-2A0D-40C7-9A8A-BE94E8FF1565}.Debug|Any CPU.Build.0 = Debug|Any CPU
		{8770BD0B-2A0D-40C7-9A8A-BE94E8FF1565}.Debug|ARM.ActiveCfg = Debug|Any CPU
		{8770BD0B-2A0D-40C7-9A8A-BE94E8FF1565}.Debug|ARM.Build.0 = Debug|Any CPU
		{8770BD0B-2A0D-40C7-9A8A-BE94E8FF1565}.Debug|x64.ActiveCfg = Debug|Any CPU
		{8770BD0B-2A0D-40C7-9A8A-BE94E8FF1565}.Debug|x64.Build.0 = Debug|Any CPU
		{8770BD0B-2A0D-40C7-9A8A-BE94E8FF1565}.Debug|x86.ActiveCfg = Debug|Any CPU
		{8770BD0B-2A0D-40C7-9A8A-BE94E8FF1565}.Debug|x86.Build.0 = Debug|Any CPU
		{8770BD0B-2A0D-40C7-9A8A-BE94E8FF1565}.Release|Any CPU.ActiveCfg = Release|Any CPU
		{8770BD0B-2A0D-40C7-9A8A-BE94E8FF1565}.Release|Any CPU.Build.0 = Release|Any CPU
		{8770BD0B-2A0D-40C7-9A8A-BE94E8FF1565}.Release|ARM.ActiveCfg = Release|Any CPU
		{8770BD0B-2A0D-40C7-9A8A-BE94E8FF1565}.Release|ARM.Build.0 = Release|Any CPU
		{8770BD0B-2A0D-40C7-9A8A-BE94E8FF1565}.Release|x64.ActiveCfg = Release|Any CPU
		{8770BD0B-2A0D-40C7-9A8A-BE94E8FF1565}.Release|x64.Build.0 = Release|Any CPU
		{8770BD0B-2A0D-40C7-9A8A-BE94E8FF1565}.Release|x86.ActiveCfg = Release|Any CPU
		{8770BD0B-2A0D-40C7-9A8A-BE94E8FF1565}.Release|x86.Build.0 = Release|Any CPU
		{41E5CBC1-9D15-4E9A-9B0E-46FC9B823732}.Debug|Any CPU.ActiveCfg = Debug|Any CPU
		{41E5CBC1-9D15-4E9A-9B0E-46FC9B823732}.Debug|Any CPU.Build.0 = Debug|Any CPU
		{41E5CBC1-9D15-4E9A-9B0E-46FC9B823732}.Debug|ARM.ActiveCfg = Debug|Any CPU
		{41E5CBC1-9D15-4E9A-9B0E-46FC9B823732}.Debug|ARM.Build.0 = Debug|Any CPU
		{41E5CBC1-9D15-4E9A-9B0E-46FC9B823732}.Debug|x64.ActiveCfg = Debug|Any CPU
		{41E5CBC1-9D15-4E9A-9B0E-46FC9B823732}.Debug|x64.Build.0 = Debug|Any CPU
		{41E5CBC1-9D15-4E9A-9B0E-46FC9B823732}.Debug|x86.ActiveCfg = Debug|Any CPU
		{41E5CBC1-9D15-4E9A-9B0E-46FC9B823732}.Debug|x86.Build.0 = Debug|Any CPU
		{41E5CBC1-9D15-4E9A-9B0E-46FC9B823732}.Release|Any CPU.ActiveCfg = Release|Any CPU
		{41E5CBC1-9D15-4E9A-9B0E-46FC9B823732}.Release|Any CPU.Build.0 = Release|Any CPU
		{41E5CBC1-9D15-4E9A-9B0E-46FC9B823732}.Release|ARM.ActiveCfg = Release|Any CPU
		{41E5CBC1-9D15-4E9A-9B0E-46FC9B823732}.Release|ARM.Build.0 = Release|Any CPU
		{41E5CBC1-9D15-4E9A-9B0E-46FC9B823732}.Release|x64.ActiveCfg = Release|Any CPU
		{41E5CBC1-9D15-4E9A-9B0E-46FC9B823732}.Release|x64.Build.0 = Release|Any CPU
		{41E5CBC1-9D15-4E9A-9B0E-46FC9B823732}.Release|x86.ActiveCfg = Release|Any CPU
		{41E5CBC1-9D15-4E9A-9B0E-46FC9B823732}.Release|x86.Build.0 = Release|Any CPU
		{70470A7B-5474-4EDC-8443-BA2E165BD147}.Debug|Any CPU.ActiveCfg = Debug|Any CPU
		{70470A7B-5474-4EDC-8443-BA2E165BD147}.Debug|Any CPU.Build.0 = Debug|Any CPU
		{70470A7B-5474-4EDC-8443-BA2E165BD147}.Debug|ARM.ActiveCfg = Debug|Any CPU
		{70470A7B-5474-4EDC-8443-BA2E165BD147}.Debug|ARM.Build.0 = Debug|Any CPU
		{70470A7B-5474-4EDC-8443-BA2E165BD147}.Debug|x64.ActiveCfg = Debug|Any CPU
		{70470A7B-5474-4EDC-8443-BA2E165BD147}.Debug|x64.Build.0 = Debug|Any CPU
		{70470A7B-5474-4EDC-8443-BA2E165BD147}.Debug|x86.ActiveCfg = Debug|Any CPU
		{70470A7B-5474-4EDC-8443-BA2E165BD147}.Debug|x86.Build.0 = Debug|Any CPU
		{70470A7B-5474-4EDC-8443-BA2E165BD147}.Release|Any CPU.ActiveCfg = Release|Any CPU
		{70470A7B-5474-4EDC-8443-BA2E165BD147}.Release|Any CPU.Build.0 = Release|Any CPU
		{70470A7B-5474-4EDC-8443-BA2E165BD147}.Release|ARM.ActiveCfg = Release|Any CPU
		{70470A7B-5474-4EDC-8443-BA2E165BD147}.Release|ARM.Build.0 = Release|Any CPU
		{70470A7B-5474-4EDC-8443-BA2E165BD147}.Release|x64.ActiveCfg = Release|Any CPU
		{70470A7B-5474-4EDC-8443-BA2E165BD147}.Release|x64.Build.0 = Release|Any CPU
		{70470A7B-5474-4EDC-8443-BA2E165BD147}.Release|x86.ActiveCfg = Release|Any CPU
		{70470A7B-5474-4EDC-8443-BA2E165BD147}.Release|x86.Build.0 = Release|Any CPU
	EndGlobalSection
	GlobalSection(SolutionProperties) = preSolution
		HideSolutionNode = FALSE
	EndGlobalSection
	GlobalSection(ExtensibilityGlobals) = postSolution
		VisualSVNWorkingCopyRoot = .
	EndGlobalSection
	GlobalSection(SubversionScc) = preSolution
		Svn-Managed = True
		Manager = AnkhSVN - Subversion Support for Visual Studio
	EndGlobalSection
EndGlobal
